Microsoft Visual Studio Solution File, Format Version 12.00
# Visual Studio Version 17
VisualStudioVersion = 17.5.2.0
MinimumVisualStudioVersion = 10.0.40219.1
Project("{FAE04EC0-301F-11D3-BF4B-00C04F79EFBC}") = "azure-function-sk", "azure-function-sk\azure-function-sk.csproj", "{30719C42-7A4C-F25D-8DA0-DD2B37FA9A12}"
EndProject
Global
	GlobalSection(SolutionConfigurationPlatforms) = preSolution
		Debug|Any CPU = Debug|Any CPU
		Release|Any CPU = Release|Any CPU
	EndGlobalSection
	GlobalSection(ProjectConfigurationPlatforms) = postSolution
		{30719C42-7A4C-F25D-8DA0-DD2B37FA9A12}.Debug|Any CPU.ActiveCfg = Debug|Any CPU
		{30719C42-7A4C-F25D-8DA0-DD2B37FA9A12}.Debug|Any CPU.Build.0 = Debug|Any CPU
		{30719C42-7A4C-F25D-8DA0-DD2B37FA9A12}.Release|Any CPU.ActiveCfg = Release|Any CPU
		{30719C42-7A4C-F25D-8DA0-DD2B37FA9A12}.Release|Any CPU.Build.0 = Release|Any CPU
	EndGlobalSection
	GlobalSection(SolutionProperties) = preSolution
		HideSolutionNode = FALSE
	EndGlobalSection
	GlobalSection(ExtensibilityGlobals) = postSolution
		SolutionGuid = {1CCEB549-AAD3-4D24-A8D6-740C285B8C17}
	EndGlobalSection
EndGlobal
